
Microsoft Visual Studio Solution File, Format Version 10.00
# Visual Studio 2008
Project("{FAE04EC0-301F-11D3-BF4B-00C04F79EFBC}") = "MyShop.Events", "src\MyShop.Events\MyShop.Events.csproj", "{CBFCD075-1896-493C-9B52-1747BFDF56EE}"
EndProject
Project("{FAE04EC0-301F-11D3-BF4B-00C04F79EFBC}") = "MyShop.EventStorage", "src\MyShop.EventStorage\MyShop.EventStorage.csproj", "{D43AD590-B3CD-4B5E-BB4B-9649CED53632}"
EndProject
Project("{FAE04EC0-301F-11D3-BF4B-00C04F79EFBC}") = "MyShop.Domain", "src\MyShop.Domain\MyShop.Domain.csproj", "{2CD04BD2-AF19-473E-945B-3F4B03507ED9}"
EndProject
Project("{FAE04EC0-301F-11D3-BF4B-00C04F79EFBC}") = "MyShop.UI.Web.MainSite", "src\MyShop.UI.Web.MainSite\MyShop.UI.Web.MainSite.csproj", "{4F3457BC-2AFF-4B7E-B8D7-159A752717E7}"
EndProject
Project("{FAE04EC0-301F-11D3-BF4B-00C04F79EFBC}") = "MyShop.Commands", "src\MyShop.Commands\MyShop.Commands.csproj", "{E48882A9-3E4C-4C4F-8AB4-0484595C32BC}"
EndProject
Project("{FAE04EC0-301F-11D3-BF4B-00C04F79EFBC}") = "MyShop.Bus.EventBus", "src\MyShop.Bus.EventBus\MyShop.Bus.EventBus.csproj", "{124FCC83-6F2D-4274-8886-ED2A3024CA8D}"
EndProject
Project("{FAE04EC0-301F-11D3-BF4B-00C04F79EFBC}") = "MyShop.UI.Web.MainSite.Core", "src\MyShop.UI.Web.MainSite.Core\MyShop.UI.Web.MainSite.Core.csproj", "{69A9A53C-973C-4128-9EA2-D0BD9CE09ABB}"
EndProject
Project("{FAE04EC0-301F-11D3-BF4B-00C04F79EFBC}") = "MyShop.Bus", "src\MyShop.Bus\MyShop.Bus.csproj", "{3532F87F-7134-462E-B2DE-18243E25A2D7}"
EndProject
Project("{FAE04EC0-301F-11D3-BF4B-00C04F79EFBC}") = "MyShop.Bus.CommandBus", "src\MyShop.Bus.CommandBus\MyShop.Bus.CommandBus.csproj", "{8D8C7BFD-C9EA-4612-A2C3-A41FC57E7411}"
EndProject
Project("{FAE04EC0-301F-11D3-BF4B-00C04F79EFBC}") = "MyShop.CommandHandlers", "src\MyShop.CommandHandlers\MyShop.CommandHandlers.csproj", "{2BFCDABE-EC25-4B6D-B984-835A4E6FA7AC}"
EndProject
Project("{2150E333-8FDC-42A3-9474-1A3956D46DE8}") = "Bus", "Bus", "{FC64A8C4-D1E4-47E4-A924-78259DD8E1A5}"
EndProject
Project("{2150E333-8FDC-42A3-9474-1A3956D46DE8}") = "Commands", "Commands", "{4646968E-9A48-4A5C-86A5-65F523DD5368}"
EndProject
Project("{2150E333-8FDC-42A3-9474-1A3956D46DE8}") = "Events", "Events", "{C5BF5FC5-AF3D-4A8F-8335-01EFEC516349}"
EndProject
Project("{2150E333-8FDC-42A3-9474-1A3956D46DE8}") = "Domain", "Domain", "{47E12B95-44E2-4D0E-B6B2-106E7F700F25}"
EndProject
Project("{2150E333-8FDC-42A3-9474-1A3956D46DE8}") = "UI", "UI", "{FEAF931D-DBC2-4915-8F59-77A156896A49}"
EndProject
Project("{2150E333-8FDC-42A3-9474-1A3956D46DE8}") = "ReadModel", "ReadModel", "{8AC98737-E4E8-4FC0-9A67-1825EF2F3913}"
EndProject
Project("{FAE04EC0-301F-11D3-BF4B-00C04F79EFBC}") = "MyShop.ReadModel", "src\MyShop.ReadModel\MyShop.ReadModel.csproj", "{CC28CD2B-A086-488B-9BD3-9A64047AE6B0}"
EndProject
Project("{FAE04EC0-301F-11D3-BF4B-00C04F79EFBC}") = "MyShop.ReadModel.Denormalizers", "src\MyShop.ReadModel.Denormalizers\MyShop.ReadModel.Denormalizers.csproj", "{1CC3ED5F-B931-43EE-900B-3ED902620564}"
EndProject
Project("{2150E333-8FDC-42A3-9474-1A3956D46DE8}") = "Solution Items", "Solution Items", "{EE63C7AF-71C6-4D1B-914B-5E0E383ECF48}"
EndProject
Project("{FAE04EC0-301F-11D3-BF4B-00C04F79EFBC}") = "MyShop.DomainSpecs", "src\MyShop.DomainSpecs\MyShop.DomainSpecs.csproj", "{74EE8635-39B1-40DD-82B2-F6F1C4BA3DC7}"
EndProject
Project("{FAE04EC0-301F-11D3-BF4B-00C04F79EFBC}") = "MyShop.ReadModel.DomainRepositories", "src\MyShop.ReadModel.DomainRepositories\MyShop.ReadModel.DomainRepositories.csproj", "{24072E0F-7025-4FF6-A7F0-9E1EB8B131E7}"
EndProject
Project("{2150E333-8FDC-42A3-9474-1A3956D46DE8}") = "Shared", "Shared", "{36CCEF44-93E9-448F-B0C2-6D1B0E15DC9C}"
EndProject
Project("{FAE04EC0-301F-11D3-BF4B-00C04F79EFBC}") = "MyShop.Shared", "src\MyShop.Shared\MyShop.Shared.csproj", "{32038E37-D951-4EBA-B9CE-A83ABD89B009}"
EndProject
Project("{FAE04EC0-301F-11D3-BF4B-00C04F79EFBC}") = "MyShop.UI.Logging.ColloredUdpConsole", "src\MyShop.UI.Logging.ColloredUdpConsole\MyShop.UI.Logging.ColloredUdpConsole.csproj", "{AAEE63AE-7D41-4709-BE89-024158250992}"
EndProject
Project("{2150E333-8FDC-42A3-9474-1A3956D46DE8}") = "DatabaseScripts", "DatabaseScripts", "{21A62E56-BF5D-4D84-8B11-DE610D2336F8}"
	ProjectSection(SolutionItems) = preProject
		Clean.sql = Clean.sql
		CreateMyShopEventsObjects.sql = CreateMyShopEventsObjects.sql
		CreateMyShopReadModelObjects.sql = CreateMyShopReadModelObjects.sql
	EndProjectSection
EndProject
Global
	GlobalSection(SolutionConfigurationPlatforms) = preSolution
		Debug|Any CPU = Debug|Any CPU
		Release|Any CPU = Release|Any CPU
	EndGlobalSection
	GlobalSection(ProjectConfigurationPlatforms) = postSolution
		{CBFCD075-1896-493C-9B52-1747BFDF56EE}.Debug|Any CPU.ActiveCfg = Debug|Any CPU
		{CBFCD075-1896-493C-9B52-1747BFDF56EE}.Debug|Any CPU.Build.0 = Debug|Any CPU
		{CBFCD075-1896-493C-9B52-1747BFDF56EE}.Release|Any CPU.ActiveCfg = Release|Any CPU
		{CBFCD075-1896-493C-9B52-1747BFDF56EE}.Release|Any CPU.Build.0 = Release|Any CPU
		{D43AD590-B3CD-4B5E-BB4B-9649CED53632}.Debug|Any CPU.ActiveCfg = Debug|Any CPU
		{D43AD590-B3CD-4B5E-BB4B-9649CED53632}.Debug|Any CPU.Build.0 = Debug|Any CPU
		{D43AD590-B3CD-4B5E-BB4B-9649CED53632}.Release|Any CPU.ActiveCfg = Release|Any CPU
		{D43AD590-B3CD-4B5E-BB4B-9649CED53632}.Release|Any CPU.Build.0 = Release|Any CPU
		{2CD04BD2-AF19-473E-945B-3F4B03507ED9}.Debug|Any CPU.ActiveCfg = Debug|Any CPU
		{2CD04BD2-AF19-473E-945B-3F4B03507ED9}.Debug|Any CPU.Build.0 = Debug|Any CPU
		{2CD04BD2-AF19-473E-945B-3F4B03507ED9}.Release|Any CPU.ActiveCfg = Release|Any CPU
		{2CD04BD2-AF19-473E-945B-3F4B03507ED9}.Release|Any CPU.Build.0 = Release|Any CPU
		{4F3457BC-2AFF-4B7E-B8D7-159A752717E7}.Debug|Any CPU.ActiveCfg = Debug|Any CPU
		{4F3457BC-2AFF-4B7E-B8D7-159A752717E7}.Debug|Any CPU.Build.0 = Debug|Any CPU
		{4F3457BC-2AFF-4B7E-B8D7-159A752717E7}.Release|Any CPU.ActiveCfg = Release|Any CPU
		{4F3457BC-2AFF-4B7E-B8D7-159A752717E7}.Release|Any CPU.Build.0 = Release|Any CPU
		{E48882A9-3E4C-4C4F-8AB4-0484595C32BC}.Debug|Any CPU.ActiveCfg = Debug|Any CPU
		{E48882A9-3E4C-4C4F-8AB4-0484595C32BC}.Debug|Any CPU.Build.0 = Debug|Any CPU
		{E48882A9-3E4C-4C4F-8AB4-0484595C32BC}.Release|Any CPU.ActiveCfg = Release|Any CPU
		{E48882A9-3E4C-4C4F-8AB4-0484595C32BC}.Release|Any CPU.Build.0 = Release|Any CPU
		{124FCC83-6F2D-4274-8886-ED2A3024CA8D}.Debug|Any CPU.ActiveCfg = Debug|Any CPU
		{124FCC83-6F2D-4274-8886-ED2A3024CA8D}.Debug|Any CPU.Build.0 = Debug|Any CPU
		{124FCC83-6F2D-4274-8886-ED2A3024CA8D}.Release|Any CPU.ActiveCfg = Release|Any CPU
		{124FCC83-6F2D-4274-8886-ED2A3024CA8D}.Release|Any CPU.Build.0 = Release|Any CPU
		{69A9A53C-973C-4128-9EA2-D0BD9CE09ABB}.Debug|Any CPU.ActiveCfg = Debug|Any CPU
		{69A9A53C-973C-4128-9EA2-D0BD9CE09ABB}.Debug|Any CPU.Build.0 = Debug|Any CPU
		{69A9A53C-973C-4128-9EA2-D0BD9CE09ABB}.Release|Any CPU.ActiveCfg = Release|Any CPU
		{69A9A53C-973C-4128-9EA2-D0BD9CE09ABB}.Release|Any CPU.Build.0 = Release|Any CPU
		{3532F87F-7134-462E-B2DE-18243E25A2D7}.Debug|Any CPU.ActiveCfg = Debug|Any CPU
		{3532F87F-7134-462E-B2DE-18243E25A2D7}.Debug|Any CPU.Build.0 = Debug|Any CPU
		{3532F87F-7134-462E-B2DE-18243E25A2D7}.Release|Any CPU.ActiveCfg = Release|Any CPU
		{3532F87F-7134-462E-B2DE-18243E25A2D7}.Release|Any CPU.Build.0 = Release|Any CPU
		{8D8C7BFD-C9EA-4612-A2C3-A41FC57E7411}.Debug|Any CPU.ActiveCfg = Debug|Any CPU
		{8D8C7BFD-C9EA-4612-A2C3-A41FC57E7411}.Debug|Any CPU.Build.0 = Debug|Any CPU
		{8D8C7BFD-C9EA-4612-A2C3-A41FC57E7411}.Release|Any CPU.ActiveCfg = Release|Any CPU
		{8D8C7BFD-C9EA-4612-A2C3-A41FC57E7411}.Release|Any CPU.Build.0 = Release|Any CPU
		{2BFCDABE-EC25-4B6D-B984-835A4E6FA7AC}.Debug|Any CPU.ActiveCfg = Debug|Any CPU
		{2BFCDABE-EC25-4B6D-B984-835A4E6FA7AC}.Debug|Any CPU.Build.0 = Debug|Any CPU
		{2BFCDABE-EC25-4B6D-B984-835A4E6FA7AC}.Release|Any CPU.ActiveCfg = Release|Any CPU
		{2BFCDABE-EC25-4B6D-B984-835A4E6FA7AC}.Release|Any CPU.Build.0 = Release|Any CPU
		{CC28CD2B-A086-488B-9BD3-9A64047AE6B0}.Debug|Any CPU.ActiveCfg = Debug|Any CPU
		{CC28CD2B-A086-488B-9BD3-9A64047AE6B0}.Debug|Any CPU.Build.0 = Debug|Any CPU
		{CC28CD2B-A086-488B-9BD3-9A64047AE6B0}.Release|Any CPU.ActiveCfg = Release|Any CPU
		{CC28CD2B-A086-488B-9BD3-9A64047AE6B0}.Release|Any CPU.Build.0 = Release|Any CPU
		{1CC3ED5F-B931-43EE-900B-3ED902620564}.Debug|Any CPU.ActiveCfg = Debug|Any CPU
		{1CC3ED5F-B931-43EE-900B-3ED902620564}.Debug|Any CPU.Build.0 = Debug|Any CPU
		{1CC3ED5F-B931-43EE-900B-3ED902620564}.Release|Any CPU.ActiveCfg = Release|Any CPU
		{1CC3ED5F-B931-43EE-900B-3ED902620564}.Release|Any CPU.Build.0 = Release|Any CPU
		{74EE8635-39B1-40DD-82B2-F6F1C4BA3DC7}.Debug|Any CPU.ActiveCfg = Debug|Any CPU
		{74EE8635-39B1-40DD-82B2-F6F1C4BA3DC7}.Debug|Any CPU.Build.0 = Debug|Any CPU
		{74EE8635-39B1-40DD-82B2-F6F1C4BA3DC7}.Release|Any CPU.ActiveCfg = Release|Any CPU
		{74EE8635-39B1-40DD-82B2-F6F1C4BA3DC7}.Release|Any CPU.Build.0 = Release|Any CPU
		{24072E0F-7025-4FF6-A7F0-9E1EB8B131E7}.Debug|Any CPU.ActiveCfg = Debug|Any CPU
		{24072E0F-7025-4FF6-A7F0-9E1EB8B131E7}.Debug|Any CPU.Build.0 = Debug|Any CPU
		{24072E0F-7025-4FF6-A7F0-9E1EB8B131E7}.Release|Any CPU.ActiveCfg = Release|Any CPU
		{24072E0F-7025-4FF6-A7F0-9E1EB8B131E7}.Release|Any CPU.Build.0 = Release|Any CPU
		{32038E37-D951-4EBA-B9CE-A83ABD89B009}.Debug|Any CPU.ActiveCfg = Debug|Any CPU
		{32038E37-D951-4EBA-B9CE-A83ABD89B009}.Debug|Any CPU.Build.0 = Debug|Any CPU
		{32038E37-D951-4EBA-B9CE-A83ABD89B009}.Release|Any CPU.ActiveCfg = Release|Any CPU
		{32038E37-D951-4EBA-B9CE-A83ABD89B009}.Release|Any CPU.Build.0 = Release|Any CPU
		{AAEE63AE-7D41-4709-BE89-024158250992}.Debug|Any CPU.ActiveCfg = Debug|Any CPU
		{AAEE63AE-7D41-4709-BE89-024158250992}.Debug|Any CPU.Build.0 = Debug|Any CPU
		{AAEE63AE-7D41-4709-BE89-024158250992}.Release|Any CPU.ActiveCfg = Release|Any CPU
		{AAEE63AE-7D41-4709-BE89-024158250992}.Release|Any CPU.Build.0 = Release|Any CPU
	EndGlobalSection
	GlobalSection(SolutionProperties) = preSolution
		HideSolutionNode = FALSE
	EndGlobalSection
	GlobalSection(NestedProjects) = preSolution
		{D43AD590-B3CD-4B5E-BB4B-9649CED53632} = {C5BF5FC5-AF3D-4A8F-8335-01EFEC516349}
		{CBFCD075-1896-493C-9B52-1747BFDF56EE} = {C5BF5FC5-AF3D-4A8F-8335-01EFEC516349}
		{2CD04BD2-AF19-473E-945B-3F4B03507ED9} = {47E12B95-44E2-4D0E-B6B2-106E7F700F25}
		{74EE8635-39B1-40DD-82B2-F6F1C4BA3DC7} = {47E12B95-44E2-4D0E-B6B2-106E7F700F25}
		{69A9A53C-973C-4128-9EA2-D0BD9CE09ABB} = {FEAF931D-DBC2-4915-8F59-77A156896A49}
		{4F3457BC-2AFF-4B7E-B8D7-159A752717E7} = {FEAF931D-DBC2-4915-8F59-77A156896A49}
		{AAEE63AE-7D41-4709-BE89-024158250992} = {FEAF931D-DBC2-4915-8F59-77A156896A49}
		{2BFCDABE-EC25-4B6D-B984-835A4E6FA7AC} = {4646968E-9A48-4A5C-86A5-65F523DD5368}
		{E48882A9-3E4C-4C4F-8AB4-0484595C32BC} = {4646968E-9A48-4A5C-86A5-65F523DD5368}
		{3532F87F-7134-462E-B2DE-18243E25A2D7} = {FC64A8C4-D1E4-47E4-A924-78259DD8E1A5}
		{8D8C7BFD-C9EA-4612-A2C3-A41FC57E7411} = {FC64A8C4-D1E4-47E4-A924-78259DD8E1A5}
		{124FCC83-6F2D-4274-8886-ED2A3024CA8D} = {FC64A8C4-D1E4-47E4-A924-78259DD8E1A5}
		{CC28CD2B-A086-488B-9BD3-9A64047AE6B0} = {8AC98737-E4E8-4FC0-9A67-1825EF2F3913}
		{1CC3ED5F-B931-43EE-900B-3ED902620564} = {8AC98737-E4E8-4FC0-9A67-1825EF2F3913}
		{24072E0F-7025-4FF6-A7F0-9E1EB8B131E7} = {8AC98737-E4E8-4FC0-9A67-1825EF2F3913}
		{21A62E56-BF5D-4D84-8B11-DE610D2336F8} = {EE63C7AF-71C6-4D1B-914B-5E0E383ECF48}
		{32038E37-D951-4EBA-B9CE-A83ABD89B009} = {36CCEF44-93E9-448F-B0C2-6D1B0E15DC9C}
	EndGlobalSection
EndGlobal
