
Microsoft Visual Studio Solution File, Format Version 10.00
# Visual Studio 2008
Project("{FAE04EC0-301F-11D3-BF4B-00C04F79EFBC}") = "ServiceAgent", "ServiceAgent\ServiceAgent.csproj", "{B01E4A78-3F1D-4FC9-9DAE-10E20537B0CB}"
EndProject
Project("{FAE04EC0-301F-11D3-BF4B-00C04F79EFBC}") = "IView", "IView\IView.csproj", "{2A595015-BF33-48B5-9ACD-8E1528F7F1D9}"
EndProject
Project("{FAE04EC0-301F-11D3-BF4B-00C04F79EFBC}") = "IPresenter", "IPresenter\IPresenter.csproj", "{20F41C78-F884-4F32-8AD8-040B1A85177D}"
EndProject
Project("{FAE04EC0-301F-11D3-BF4B-00C04F79EFBC}") = "Utility", "Utility\Utility.csproj", "{F25FD25E-49C8-430E-A1AA-7B021EF165B2}"
EndProject
Project("{FAE04EC0-301F-11D3-BF4B-00C04F79EFBC}") = "Presenter", "Presenter\Presenter.csproj", "{63256A15-937E-43B5-9753-03E29022EFB3}"
EndProject
Project("{FAE04EC0-301F-11D3-BF4B-00C04F79EFBC}") = "ProcessFlowControl", "ProcessFlowControl\ProcessFlowControl.csproj", "{A77745CA-7D3F-4146-8CB9-5EFA1C41DA99}"
EndProject
Project("{FAE04EC0-301F-11D3-BF4B-00C04F79EFBC}") = "UIModel", "UIModel\UIModel.csproj", "{80246CC3-D51F-4A7F-916D-77B75FCEBC96}"
EndProject
Project("{FAE04EC0-301F-11D3-BF4B-00C04F79EFBC}") = "View", "View\View.csproj", "{32B6495F-7CA3-463D-A3A5-43B968DB6ADD}"
EndProject
Global
	GlobalSection(SolutionConfigurationPlatforms) = preSolution
		Debug|Any CPU = Debug|Any CPU
		Release|Any CPU = Release|Any CPU
	EndGlobalSection
	GlobalSection(ProjectConfigurationPlatforms) = postSolution
		{B01E4A78-3F1D-4FC9-9DAE-10E20537B0CB}.Debug|Any CPU.ActiveCfg = Debug|Any CPU
		{B01E4A78-3F1D-4FC9-9DAE-10E20537B0CB}.Debug|Any CPU.Build.0 = Debug|Any CPU
		{B01E4A78-3F1D-4FC9-9DAE-10E20537B0CB}.Release|Any CPU.ActiveCfg = Release|Any CPU
		{B01E4A78-3F1D-4FC9-9DAE-10E20537B0CB}.Release|Any CPU.Build.0 = Release|Any CPU
		{2A595015-BF33-48B5-9ACD-8E1528F7F1D9}.Debug|Any CPU.ActiveCfg = Debug|Any CPU
		{2A595015-BF33-48B5-9ACD-8E1528F7F1D9}.Debug|Any CPU.Build.0 = Debug|Any CPU
		{2A595015-BF33-48B5-9ACD-8E1528F7F1D9}.Release|Any CPU.ActiveCfg = Release|Any CPU
		{2A595015-BF33-48B5-9ACD-8E1528F7F1D9}.Release|Any CPU.Build.0 = Release|Any CPU
		{20F41C78-F884-4F32-8AD8-040B1A85177D}.Debug|Any CPU.ActiveCfg = Debug|Any CPU
		{20F41C78-F884-4F32-8AD8-040B1A85177D}.Debug|Any CPU.Build.0 = Debug|Any CPU
		{20F41C78-F884-4F32-8AD8-040B1A85177D}.Release|Any CPU.ActiveCfg = Release|Any CPU
		{20F41C78-F884-4F32-8AD8-040B1A85177D}.Release|Any CPU.Build.0 = Release|Any CPU
		{F25FD25E-49C8-430E-A1AA-7B021EF165B2}.Debug|Any CPU.ActiveCfg = Debug|Any CPU
		{F25FD25E-49C8-430E-A1AA-7B021EF165B2}.Debug|Any CPU.Build.0 = Debug|Any CPU
		{F25FD25E-49C8-430E-A1AA-7B021EF165B2}.Release|Any CPU.ActiveCfg = Release|Any CPU
		{F25FD25E-49C8-430E-A1AA-7B021EF165B2}.Release|Any CPU.Build.0 = Release|Any CPU
		{63256A15-937E-43B5-9753-03E29022EFB3}.Debug|Any CPU.ActiveCfg = Debug|Any CPU
		{63256A15-937E-43B5-9753-03E29022EFB3}.Debug|Any CPU.Build.0 = Debug|Any CPU
		{63256A15-937E-43B5-9753-03E29022EFB3}.Release|Any CPU.ActiveCfg = Release|Any CPU
		{63256A15-937E-43B5-9753-03E29022EFB3}.Release|Any CPU.Build.0 = Release|Any CPU
		{A77745CA-7D3F-4146-8CB9-5EFA1C41DA99}.Debug|Any CPU.ActiveCfg = Debug|Any CPU
		{A77745CA-7D3F-4146-8CB9-5EFA1C41DA99}.Debug|Any CPU.Build.0 = Debug|Any CPU
		{A77745CA-7D3F-4146-8CB9-5EFA1C41DA99}.Release|Any CPU.ActiveCfg = Release|Any CPU
		{A77745CA-7D3F-4146-8CB9-5EFA1C41DA99}.Release|Any CPU.Build.0 = Release|Any CPU
		{80246CC3-D51F-4A7F-916D-77B75FCEBC96}.Debug|Any CPU.ActiveCfg = Debug|Any CPU
		{80246CC3-D51F-4A7F-916D-77B75FCEBC96}.Debug|Any CPU.Build.0 = Debug|Any CPU
		{80246CC3-D51F-4A7F-916D-77B75FCEBC96}.Release|Any CPU.ActiveCfg = Release|Any CPU
		{80246CC3-D51F-4A7F-916D-77B75FCEBC96}.Release|Any CPU.Build.0 = Release|Any CPU
		{32B6495F-7CA3-463D-A3A5-43B968DB6ADD}.Debug|Any CPU.ActiveCfg = Debug|Any CPU
		{32B6495F-7CA3-463D-A3A5-43B968DB6ADD}.Debug|Any CPU.Build.0 = Debug|Any CPU
		{32B6495F-7CA3-463D-A3A5-43B968DB6ADD}.Release|Any CPU.ActiveCfg = Release|Any CPU
		{32B6495F-7CA3-463D-A3A5-43B968DB6ADD}.Release|Any CPU.Build.0 = Release|Any CPU
	EndGlobalSection
	GlobalSection(SolutionProperties) = preSolution
		HideSolutionNode = FALSE
	EndGlobalSection
EndGlobal
